{
  "name": "canvas-gif",
  "version": "1.0.0",
  "lockfileVersion": 2,
  "requires": true,
  "packages": {
    "": {
      "name": "canvas-gif",
      "version": "1.0.0",
      "license": "ISC",
      "dependencies": {
        "@types/dom-mediacapture-record": "^1.0.13"
      }
    },
    "node_modules/@types/dom-mediacapture-record": {
      "version": "1.0.13",
      "resolved": "https://registry.npmjs.org/@types/dom-mediacapture-record/-/dom-mediacapture-record-1.0.13.tgz",
      "integrity": "sha512-awMC2n4iRwJ6VWpQDA7dPqJhImeXHsVeEoQKWkdGB2cau+h/6erGoVre5Dk8p/DL1LIiLUcK6MnC3mibiKRRFg=="
    }
  },
  "dependencies": {
    "@types/dom-mediacapture-record": {
      "version": "1.0.13",
      "resolved": "https://registry.npmjs.org/@types/dom-mediacapture-record/-/dom-mediacapture-record-1.0.13.tgz",
      "integrity": "sha512-awMC2n4iRwJ6VWpQDA7dPqJhImeXHsVeEoQKWkdGB2cau+h/6erGoVre5Dk8p/DL1LIiLUcK6MnC3mibiKRRFg=="
    }
  }
}
